// !$*UTF8*$!
{
	archiveVersion = 1;
	classes = {
	};
	objectVersion = 51;
	objects = {

/* Begin PBXBuildFile section */
		21065D952697174B00C0F70E /* WelcomeViewController.swift in Sources */ = {isa = PBXBuildFile; fileRef = 21065D942697174B00C0F70E /* WelcomeViewController.swift */; };
		21065D982697179D00C0F70E /* WelcomeView.swift in Sources */ = {isa = PBXBuildFile; fileRef = 21065D972697179D00C0F70E /* WelcomeView.swift */; };
		213F15D026AB1FEC0008BE1E /* NavigationViewController.swift in Sources */ = {isa = PBXBuildFile; fileRef = 213F15CF26AB1FEC0008BE1E /* NavigationViewController.swift */; };
		213F15D626AB41B70008BE1E /* HighlightedView.swift in Sources */ = {isa = PBXBuildFile; fileRef = 213F15D526AB41B70008BE1E /* HighlightedView.swift */; };
		213F15DE26AB4CE10008BE1E /* NavigationView.swift in Sources */ = {isa = PBXBuildFile; fileRef = 213F15DD26AB4CE10008BE1E /* NavigationView.swift */; };
		2195BBCF26C4647C004133F3 /* TextFieldView.swift in Sources */ = {isa = PBXBuildFile; fileRef = 2195BBCE26C4647C004133F3 /* TextFieldView.swift */; };
		2195BBD426C46DBF004133F3 /* TextField.swift in Sources */ = {isa = PBXBuildFile; fileRef = 2195BBD326C46DBF004133F3 /* TextField.swift */; };
		2195BBD726C47433004133F3 /* RegistrationNicknameViewController.swift in Sources */ = {isa = PBXBuildFile; fileRef = 2195BBD626C47433004133F3 /* RegistrationNicknameViewController.swift */; };
		2195BBDA26C47484004133F3 /* RegistrationNicknameView.swift in Sources */ = {isa = PBXBuildFile; fileRef = 2195BBD926C47484004133F3 /* RegistrationNicknameView.swift */; };
		21B1FEB126C5EFDB0066B925 /* RegistrationImageViewController.swift in Sources */ = {isa = PBXBuildFile; fileRef = 21B1FEB026C5EFDB0066B925 /* RegistrationImageViewController.swift */; };
		21B1FEB426C5EFF40066B925 /* RegistrationImageView.swift in Sources */ = {isa = PBXBuildFile; fileRef = 21B1FEB326C5EFF40066B925 /* RegistrationImageView.swift */; };
		21F3679226C6012000BD030F /* RegistrationVKController.swift in Sources */ = {isa = PBXBuildFile; fileRef = 21F3679126C6012000BD030F /* RegistrationVKController.swift */; };
		21F3679526C6094800BD030F /* RegistrationModel.swift in Sources */ = {isa = PBXBuildFile; fileRef = 21F3679426C6094800BD030F /* RegistrationModel.swift */; };
		21F3679A26C97FC100BD030F /* RegistrationImageDelegate.swift in Sources */ = {isa = PBXBuildFile; fileRef = 21F3679926C97FC100BD030F /* RegistrationImageDelegate.swift */; };
		21F3679C26C9AAD800BD030F /* RMZImageView.swift in Sources */ = {isa = PBXBuildFile; fileRef = 21F3679B26C9AAD800BD030F /* RMZImageView.swift */; };
		21F3679E26C9CE1500BD030F /* AppMenu.swift in Sources */ = {isa = PBXBuildFile; fileRef = 21F3679D26C9CE1500BD030F /* AppMenu.swift */; };
		2C402B52269A0A0F00796952 /* FlatButton.swift in Sources */ = {isa = PBXBuildFile; fileRef = 2C402B51269A0A0F00796952 /* FlatButton.swift */; };
		2C402B83269A38F100796952 /* ButtonView.swift in Sources */ = {isa = PBXBuildFile; fileRef = 2C402B82269A38F100796952 /* ButtonView.swift */; };
		2C96F35226C2F604000BAA30 /* RegistrationSocialViewController.swift in Sources */ = {isa = PBXBuildFile; fileRef = 2C96F35126C2F604000BAA30 /* RegistrationSocialViewController.swift */; };
		2C96F35526C2F634000BAA30 /* RegistrationSocialView.swift in Sources */ = {isa = PBXBuildFile; fileRef = 2C96F35426C2F634000BAA30 /* RegistrationSocialView.swift */; };
		2C96F35926C3083D000BAA30 /* RegistrationNameViewController.swift in Sources */ = {isa = PBXBuildFile; fileRef = 2C96F35826C3083D000BAA30 /* RegistrationNameViewController.swift */; };
		2C96F35C26C3085B000BAA30 /* RegistrationNameView.swift in Sources */ = {isa = PBXBuildFile; fileRef = 2C96F35B26C3085B000BAA30 /* RegistrationNameView.swift */; };
		C409F1EF26E85A809EC3E838 /* Pods_RemoteZenly.framework in Frameworks */ = {isa = PBXBuildFile; fileRef = ABD8A3E9A4697424082F038B /* Pods_RemoteZenly.framework */; };
		CBA64C542639788E00540D8E /* AppDelegate.swift in Sources */ = {isa = PBXBuildFile; fileRef = CBA64C532639788E00540D8E /* AppDelegate.swift */; };
		CBA64C582639788F00540D8E /* Assets.xcassets in Resources */ = {isa = PBXBuildFile; fileRef = CBA64C572639788F00540D8E /* Assets.xcassets */; };
		CBA64C662639790100540D8E /* FriendsViewController.swift in Sources */ = {isa = PBXBuildFile; fileRef = CBA64C652639790100540D8E /* FriendsViewController.swift */; };
		CBA64C6B2639794A00540D8E /* FriendsView.swift in Sources */ = {isa = PBXBuildFile; fileRef = CBA64C6A2639794A00540D8E /* FriendsView.swift */; };
		CBA64C8226397E5500540D8E /* main.swift in Sources */ = {isa = PBXBuildFile; fileRef = CBA64C8126397E5500540D8E /* main.swift */; };
		CBA64C8626397E8800540D8E /* MainWindowController.swift in Sources */ = {isa = PBXBuildFile; fileRef = CBA64C8526397E8800540D8E /* MainWindowController.swift */; };
		CBA64C8C26398B7300540D8E /* TranslucentWindow.swift in Sources */ = {isa = PBXBuildFile; fileRef = CBA64C8B26398B7300540D8E /* TranslucentWindow.swift */; };
		CBA64C902639A86000540D8E /* Cell.swift in Sources */ = {isa = PBXBuildFile; fileRef = CBA64C8F2639A86000540D8E /* Cell.swift */; };
		CBA64C962639A94200540D8E /* NSCollectionViewItem.swift in Sources */ = {isa = PBXBuildFile; fileRef = CBA64C952639A94200540D8E /* NSCollectionViewItem.swift */; };
		CBA64C9B2639AD1400540D8E /* ContactModel.swift in Sources */ = {isa = PBXBuildFile; fileRef = CBA64C9A2639AD1400540D8E /* ContactModel.swift */; };
		CBA64C9F2639AD8C00540D8E /* NSCollectionView+Item.swift in Sources */ = {isa = PBXBuildFile; fileRef = CBA64C9E2639AD8C00540D8E /* NSCollectionView+Item.swift */; };
		CBA64CA32639AEED00540D8E /* FriendsContactCell.swift in Sources */ = {isa = PBXBuildFile; fileRef = CBA64CA22639AEED00540D8E /* FriendsContactCell.swift */; };
		CBA64CAA2639BB5200540D8E /* NSLabel.swift in Sources */ = {isa = PBXBuildFile; fileRef = CBA64CA92639BB5200540D8E /* NSLabel.swift */; };
/* End PBXBuildFile section */

/* Begin PBXFileReference section */
		06C7A5886B4DAE6D74901847 /* Pods-RemoteZenly.debug.xcconfig */ = {isa = PBXFileReference; includeInIndex = 1; lastKnownFileType = text.xcconfig; name = "Pods-RemoteZenly.debug.xcconfig"; path = "Target Support Files/Pods-RemoteZenly/Pods-RemoteZenly.debug.xcconfig"; sourceTree = "<group>"; };
		21065D942697174B00C0F70E /* WelcomeViewController.swift */ = {isa = PBXFileReference; lastKnownFileType = sourcecode.swift; path = WelcomeViewController.swift; sourceTree = "<group>"; };
		21065D972697179D00C0F70E /* WelcomeView.swift */ = {isa = PBXFileReference; lastKnownFileType = sourcecode.swift; path = WelcomeView.swift; sourceTree = "<group>"; };
		213F15CF26AB1FEC0008BE1E /* NavigationViewController.swift */ = {isa = PBXFileReference; lastKnownFileType = sourcecode.swift; path = NavigationViewController.swift; sourceTree = "<group>"; };
		213F15D526AB41B70008BE1E /* HighlightedView.swift */ = {isa = PBXFileReference; lastKnownFileType = sourcecode.swift; path = HighlightedView.swift; sourceTree = "<group>"; };
		213F15DD26AB4CE10008BE1E /* NavigationView.swift */ = {isa = PBXFileReference; lastKnownFileType = sourcecode.swift; path = NavigationView.swift; sourceTree = "<group>"; };
		2195BBCE26C4647C004133F3 /* TextFieldView.swift */ = {isa = PBXFileReference; lastKnownFileType = sourcecode.swift; path = TextFieldView.swift; sourceTree = "<group>"; };
		2195BBD326C46DBF004133F3 /* TextField.swift */ = {isa = PBXFileReference; lastKnownFileType = sourcecode.swift; path = TextField.swift; sourceTree = "<group>"; };
		2195BBD626C47433004133F3 /* RegistrationNicknameViewController.swift */ = {isa = PBXFileReference; lastKnownFileType = sourcecode.swift; path = RegistrationNicknameViewController.swift; sourceTree = "<group>"; };
		2195BBD926C47484004133F3 /* RegistrationNicknameView.swift */ = {isa = PBXFileReference; lastKnownFileType = sourcecode.swift; path = RegistrationNicknameView.swift; sourceTree = "<group>"; };
		21B1FEB026C5EFDB0066B925 /* RegistrationImageViewController.swift */ = {isa = PBXFileReference; lastKnownFileType = sourcecode.swift; path = RegistrationImageViewController.swift; sourceTree = "<group>"; };
		21B1FEB326C5EFF40066B925 /* RegistrationImageView.swift */ = {isa = PBXFileReference; lastKnownFileType = sourcecode.swift; path = RegistrationImageView.swift; sourceTree = "<group>"; };
		21F3679126C6012000BD030F /* RegistrationVKController.swift */ = {isa = PBXFileReference; lastKnownFileType = sourcecode.swift; path = RegistrationVKController.swift; sourceTree = "<group>"; };
		21F3679426C6094800BD030F /* RegistrationModel.swift */ = {isa = PBXFileReference; lastKnownFileType = sourcecode.swift; path = RegistrationModel.swift; sourceTree = "<group>"; };
		21F3679926C97FC100BD030F /* RegistrationImageDelegate.swift */ = {isa = PBXFileReference; lastKnownFileType = sourcecode.swift; path = RegistrationImageDelegate.swift; sourceTree = "<group>"; };
		21F3679B26C9AAD800BD030F /* RMZImageView.swift */ = {isa = PBXFileReference; lastKnownFileType = sourcecode.swift; path = RMZImageView.swift; sourceTree = "<group>"; };
		21F3679D26C9CE1500BD030F /* AppMenu.swift */ = {isa = PBXFileReference; lastKnownFileType = sourcecode.swift; path = AppMenu.swift; sourceTree = "<group>"; };
		2C402B51269A0A0F00796952 /* FlatButton.swift */ = {isa = PBXFileReference; lastKnownFileType = sourcecode.swift; path = FlatButton.swift; sourceTree = "<group>"; };
		2C402B82269A38F100796952 /* ButtonView.swift */ = {isa = PBXFileReference; lastKnownFileType = sourcecode.swift; path = ButtonView.swift; sourceTree = "<group>"; };
		2C96F35126C2F604000BAA30 /* RegistrationSocialViewController.swift */ = {isa = PBXFileReference; lastKnownFileType = sourcecode.swift; path = RegistrationSocialViewController.swift; sourceTree = "<group>"; };
		2C96F35426C2F634000BAA30 /* RegistrationSocialView.swift */ = {isa = PBXFileReference; lastKnownFileType = sourcecode.swift; path = RegistrationSocialView.swift; sourceTree = "<group>"; };
		2C96F35826C3083D000BAA30 /* RegistrationNameViewController.swift */ = {isa = PBXFileReference; lastKnownFileType = sourcecode.swift; path = RegistrationNameViewController.swift; sourceTree = "<group>"; };
		2C96F35B26C3085B000BAA30 /* RegistrationNameView.swift */ = {isa = PBXFileReference; lastKnownFileType = sourcecode.swift; path = RegistrationNameView.swift; sourceTree = "<group>"; };
		3B73CA6049C7D6C443F212D3 /* Pods-RemoteZenly.release.xcconfig */ = {isa = PBXFileReference; includeInIndex = 1; lastKnownFileType = text.xcconfig; name = "Pods-RemoteZenly.release.xcconfig"; path = "Target Support Files/Pods-RemoteZenly/Pods-RemoteZenly.release.xcconfig"; sourceTree = "<group>"; };
		ABD8A3E9A4697424082F038B /* Pods_RemoteZenly.framework */ = {isa = PBXFileReference; explicitFileType = wrapper.framework; includeInIndex = 0; path = Pods_RemoteZenly.framework; sourceTree = BUILT_PRODUCTS_DIR; };
		CBA64C502639788E00540D8E /* RemoteZenly.app */ = {isa = PBXFileReference; explicitFileType = wrapper.application; includeInIndex = 0; path = RemoteZenly.app; sourceTree = BUILT_PRODUCTS_DIR; };
		CBA64C532639788E00540D8E /* AppDelegate.swift */ = {isa = PBXFileReference; lastKnownFileType = sourcecode.swift; path = AppDelegate.swift; sourceTree = "<group>"; };
		CBA64C572639788F00540D8E /* Assets.xcassets */ = {isa = PBXFileReference; lastKnownFileType = folder.assetcatalog; path = Assets.xcassets; sourceTree = "<group>"; };
		CBA64C5C2639788F00540D8E /* Info.plist */ = {isa = PBXFileReference; lastKnownFileType = text.plist.xml; path = Info.plist; sourceTree = "<group>"; };
		CBA64C5D2639788F00540D8E /* RemoteZenly.entitlements */ = {isa = PBXFileReference; lastKnownFileType = text.plist.entitlements; path = RemoteZenly.entitlements; sourceTree = "<group>"; };
		CBA64C652639790100540D8E /* FriendsViewController.swift */ = {isa = PBXFileReference; lastKnownFileType = sourcecode.swift; path = FriendsViewController.swift; sourceTree = "<group>"; };
		CBA64C6A2639794A00540D8E /* FriendsView.swift */ = {isa = PBXFileReference; lastKnownFileType = sourcecode.swift; path = FriendsView.swift; sourceTree = "<group>"; };
		CBA64C8126397E5500540D8E /* main.swift */ = {isa = PBXFileReference; fileEncoding = 4; lastKnownFileType = sourcecode.swift; path = main.swift; sourceTree = "<group>"; };
		CBA64C8526397E8800540D8E /* MainWindowController.swift */ = {isa = PBXFileReference; lastKnownFileType = sourcecode.swift; path = MainWindowController.swift; sourceTree = "<group>"; };
		CBA64C8B26398B7300540D8E /* TranslucentWindow.swift */ = {isa = PBXFileReference; lastKnownFileType = sourcecode.swift; path = TranslucentWindow.swift; sourceTree = "<group>"; };
		CBA64C8F2639A86000540D8E /* Cell.swift */ = {isa = PBXFileReference; lastKnownFileType = sourcecode.swift; path = Cell.swift; sourceTree = "<group>"; };
		CBA64C952639A94200540D8E /* NSCollectionViewItem.swift */ = {isa = PBXFileReference; lastKnownFileType = sourcecode.swift; path = NSCollectionViewItem.swift; sourceTree = "<group>"; };
		CBA64C9A2639AD1400540D8E /* ContactModel.swift */ = {isa = PBXFileReference; lastKnownFileType = sourcecode.swift; path = ContactModel.swift; sourceTree = "<group>"; };
		CBA64C9E2639AD8C00540D8E /* NSCollectionView+Item.swift */ = {isa = PBXFileReference; lastKnownFileType = sourcecode.swift; path = "NSCollectionView+Item.swift"; sourceTree = "<group>"; };
		CBA64CA22639AEED00540D8E /* FriendsContactCell.swift */ = {isa = PBXFileReference; lastKnownFileType = sourcecode.swift; path = FriendsContactCell.swift; sourceTree = "<group>"; };
		CBA64CA92639BB5200540D8E /* NSLabel.swift */ = {isa = PBXFileReference; lastKnownFileType = sourcecode.swift; path = NSLabel.swift; sourceTree = "<group>"; };
/* End PBXFileReference section */

/* Begin PBXFrameworksBuildPhase section */
		CBA64C4D2639788E00540D8E /* Frameworks */ = {
			isa = PBXFrameworksBuildPhase;
			buildActionMask = 2147483647;
			files = (
				C409F1EF26E85A809EC3E838 /* Pods_RemoteZenly.framework in Frameworks */,
			);
			runOnlyForDeploymentPostprocessing = 0;
		};
/* End PBXFrameworksBuildPhase section */

/* Begin PBXGroup section */
		21065D91269716C300C0F70E /* Friends */ = {
			isa = PBXGroup;
			children = (
				CBA64C992639AD0D00540D8E /* Model */,
				CBA64C692639793700540D8E /* View */,
				CBA64C652639790100540D8E /* FriendsViewController.swift */,
			);
			path = Friends;
			sourceTree = "<group>";
		};
		21065D92269716F500C0F70E /* Welcome */ = {
			isa = PBXGroup;
			children = (
				21065D962697178800C0F70E /* View */,
				21065D942697174B00C0F70E /* WelcomeViewController.swift */,
			);
			path = Welcome;
			sourceTree = "<group>";
		};
		21065D962697178800C0F70E /* View */ = {
			isa = PBXGroup;
			children = (
				21065D972697179D00C0F70E /* WelcomeView.swift */,
			);
			path = View;
			sourceTree = "<group>";
		};
		213F15D126AB3F730008BE1E /* NavigationViewController */ = {
			isa = PBXGroup;
			children = (
				213F15D226AB3F8F0008BE1E /* View */,
				213F15CF26AB1FEC0008BE1E /* NavigationViewController.swift */,
			);
			path = NavigationViewController;
			sourceTree = "<group>";
		};
		213F15D226AB3F8F0008BE1E /* View */ = {
			isa = PBXGroup;
			children = (
				213F15DD26AB4CE10008BE1E /* NavigationView.swift */,
			);
			path = View;
			sourceTree = "<group>";
		};
		2195BBD126C46D30004133F3 /* Controller */ = {
			isa = PBXGroup;
			children = (
				213F15D126AB3F730008BE1E /* NavigationViewController */,
			);
			path = Controller;
			sourceTree = "<group>";
		};
		2195BBD226C46D3C004133F3 /* View */ = {
			isa = PBXGroup;
			children = (
				2C402B51269A0A0F00796952 /* FlatButton.swift */,
				CBA64CA92639BB5200540D8E /* NSLabel.swift */,
				2C402B82269A38F100796952 /* ButtonView.swift */,
				2195BBCE26C4647C004133F3 /* TextFieldView.swift */,
				213F15D526AB41B70008BE1E /* HighlightedView.swift */,
				2195BBD326C46DBF004133F3 /* TextField.swift */,
				21F3679B26C9AAD800BD030F /* RMZImageView.swift */,
			);
			path = View;
			sourceTree = "<group>";
		};
		2195BBD526C473F2004133F3 /* RegistrationNickname */ = {
			isa = PBXGroup;
			children = (
				2195BBD826C47437004133F3 /* View */,
				2195BBD626C47433004133F3 /* RegistrationNicknameViewController.swift */,
			);
			path = RegistrationNickname;
			sourceTree = "<group>";
		};
		2195BBD826C47437004133F3 /* View */ = {
			isa = PBXGroup;
			children = (
				2195BBD926C47484004133F3 /* RegistrationNicknameView.swift */,
			);
			path = View;
			sourceTree = "<group>";
		};
		21B1FEAF26C5EFB40066B925 /* RegistrationImage */ = {
			isa = PBXGroup;
			children = (
				21F3679826C97FAB00BD030F /* Delegate */,
				21B1FEB226C5EFE20066B925 /* View */,
				21B1FEB026C5EFDB0066B925 /* RegistrationImageViewController.swift */,
			);
			path = RegistrationImage;
			sourceTree = "<group>";
		};
		21B1FEB226C5EFE20066B925 /* View */ = {
			isa = PBXGroup;
			children = (
				21B1FEB326C5EFF40066B925 /* RegistrationImageView.swift */,
			);
			path = View;
			sourceTree = "<group>";
		};
		21F3678F26C600A000BD030F /* Registration */ = {
			isa = PBXGroup;
			children = (
				21F3679326C6093200BD030F /* Model */,
				21F3679026C600FE00BD030F /* RegistrationVK */,
				2C96F35026C2F5D7000BAA30 /* RegistrationSocial */,
				2C96F35626C30808000BAA30 /* RegistrationName */,
				2195BBD526C473F2004133F3 /* RegistrationNickname */,
				21B1FEAF26C5EFB40066B925 /* RegistrationImage */,
			);
			path = Registration;
			sourceTree = "<group>";
		};
		21F3679026C600FE00BD030F /* RegistrationVK */ = {
			isa = PBXGroup;
			children = (
				21F3679126C6012000BD030F /* RegistrationVKController.swift */,
			);
			path = RegistrationVK;
			sourceTree = "<group>";
		};
		21F3679326C6093200BD030F /* Model */ = {
			isa = PBXGroup;
			children = (
				21F3679426C6094800BD030F /* RegistrationModel.swift */,
			);
			path = Model;
			sourceTree = "<group>";
		};
		21F3679826C97FAB00BD030F /* Delegate */ = {
			isa = PBXGroup;
			children = (
				21F3679926C97FC100BD030F /* RegistrationImageDelegate.swift */,
			);
			path = Delegate;
			sourceTree = "<group>";
		};
		2C96F35026C2F5D7000BAA30 /* RegistrationSocial */ = {
			isa = PBXGroup;
			children = (
				2C96F35326C2F60E000BAA30 /* VIew */,
				2C96F35126C2F604000BAA30 /* RegistrationSocialViewController.swift */,
			);
			path = RegistrationSocial;
			sourceTree = "<group>";
		};
		2C96F35326C2F60E000BAA30 /* VIew */ = {
			isa = PBXGroup;
			children = (
				2C96F35426C2F634000BAA30 /* RegistrationSocialView.swift */,
			);
			path = VIew;
			sourceTree = "<group>";
		};
		2C96F35626C30808000BAA30 /* RegistrationName */ = {
			isa = PBXGroup;
			children = (
				2C96F35A26C30847000BAA30 /* View */,
				2C96F35826C3083D000BAA30 /* RegistrationNameViewController.swift */,
			);
			path = RegistrationName;
			sourceTree = "<group>";
		};
		2C96F35A26C30847000BAA30 /* View */ = {
			isa = PBXGroup;
			children = (
				2C96F35B26C3085B000BAA30 /* RegistrationNameView.swift */,
			);
			path = View;
			sourceTree = "<group>";
		};
		A1C58A83D78AC036B8A67276 /* Frameworks */ = {
			isa = PBXGroup;
			children = (
				ABD8A3E9A4697424082F038B /* Pods_RemoteZenly.framework */,
			);
			name = Frameworks;
			sourceTree = "<group>";
		};
		CBA64C472639788E00540D8E = {
			isa = PBXGroup;
			children = (
				CBA64C522639788E00540D8E /* RemoteZenly */,
				CBA64C512639788E00540D8E /* Products */,
				F02B12F6A0656282B6A3961C /* Pods */,
				A1C58A83D78AC036B8A67276 /* Frameworks */,
			);
			sourceTree = "<group>";
		};
		CBA64C512639788E00540D8E /* Products */ = {
			isa = PBXGroup;
			children = (
				CBA64C502639788E00540D8E /* RemoteZenly.app */,
			);
			name = Products;
			sourceTree = "<group>";
		};
		CBA64C522639788E00540D8E /* RemoteZenly */ = {
			isa = PBXGroup;
			children = (
				CBA64C932639A92600540D8E /* Common */,
				CBA64C64263978CC00540D8E /* Module */,
				CBA64C532639788E00540D8E /* AppDelegate.swift */,
				21F3679D26C9CE1500BD030F /* AppMenu.swift */,
				CBA64C8526397E8800540D8E /* MainWindowController.swift */,
				CBA64C8126397E5500540D8E /* main.swift */,
				CBA64C5C2639788F00540D8E /* Info.plist */,
				CBA64C572639788F00540D8E /* Assets.xcassets */,
				CBA64C5D2639788F00540D8E /* RemoteZenly.entitlements */,
				CBA64C8B26398B7300540D8E /* TranslucentWindow.swift */,
			);
			path = RemoteZenly;
			sourceTree = "<group>";
		};
		CBA64C64263978CC00540D8E /* Module */ = {
			isa = PBXGroup;
			children = (
				21F3678F26C600A000BD030F /* Registration */,
				21065D92269716F500C0F70E /* Welcome */,
				21065D91269716C300C0F70E /* Friends */,
			);
			path = Module;
			sourceTree = "<group>";
		};
		CBA64C692639793700540D8E /* View */ = {
			isa = PBXGroup;
			children = (
				CBA64C8E2639A85500540D8E /* Cell */,
				CBA64C6A2639794A00540D8E /* FriendsView.swift */,
			);
			path = View;
			sourceTree = "<group>";
		};
		CBA64C8E2639A85500540D8E /* Cell */ = {
			isa = PBXGroup;
			children = (
				CBA64C8F2639A86000540D8E /* Cell.swift */,
				CBA64CA22639AEED00540D8E /* FriendsContactCell.swift */,
			);
			path = Cell;
			sourceTree = "<group>";
		};
		CBA64C932639A92600540D8E /* Common */ = {
			isa = PBXGroup;
			children = (
				2195BBD226C46D3C004133F3 /* View */,
				2195BBD126C46D30004133F3 /* Controller */,
				CBA64C942639A92D00540D8E /* Extension */,
			);
			path = Common;
			sourceTree = "<group>";
		};
		CBA64C942639A92D00540D8E /* Extension */ = {
			isa = PBXGroup;
			children = (
				CBA64C952639A94200540D8E /* NSCollectionViewItem.swift */,
				CBA64C9E2639AD8C00540D8E /* NSCollectionView+Item.swift */,
			);
			path = Extension;
			sourceTree = "<group>";
		};
		CBA64C992639AD0D00540D8E /* Model */ = {
			isa = PBXGroup;
			children = (
				CBA64C9A2639AD1400540D8E /* ContactModel.swift */,
			);
			path = Model;
			sourceTree = "<group>";
		};
		F02B12F6A0656282B6A3961C /* Pods */ = {
			isa = PBXGroup;
			children = (
				06C7A5886B4DAE6D74901847 /* Pods-RemoteZenly.debug.xcconfig */,
				3B73CA6049C7D6C443F212D3 /* Pods-RemoteZenly.release.xcconfig */,
			);
			path = Pods;
			sourceTree = "<group>";
		};
/* End PBXGroup section */

/* Begin PBXNativeTarget section */
		CBA64C4F2639788E00540D8E /* RemoteZenly */ = {
			isa = PBXNativeTarget;
			buildConfigurationList = CBA64C602639788F00540D8E /* Build configuration list for PBXNativeTarget "RemoteZenly" */;
			buildPhases = (
				69750642F66A9248BFA54E24 /* [CP] Check Pods Manifest.lock */,
				CBA64C4C2639788E00540D8E /* Sources */,
				CBA64C4D2639788E00540D8E /* Frameworks */,
				CBA64C4E2639788E00540D8E /* Resources */,
				1BBA227F4FE3744306E6ADF1 /* [CP] Embed Pods Frameworks */,
			);
			buildRules = (
			);
			dependencies = (
			);
			name = RemoteZenly;
			productName = RemoteZenly;
			productReference = CBA64C502639788E00540D8E /* RemoteZenly.app */;
			productType = "com.apple.product-type.application";
		};
/* End PBXNativeTarget section */

/* Begin PBXProject section */
		CBA64C482639788E00540D8E /* Project object */ = {
			isa = PBXProject;
			attributes = {
				LastSwiftUpdateCheck = 1240;
				LastUpgradeCheck = 1240;
				TargetAttributes = {
					CBA64C4F2639788E00540D8E = {
						CreatedOnToolsVersion = 12.4;
					};
				};
			};
			buildConfigurationList = CBA64C4B2639788E00540D8E /* Build configuration list for PBXProject "RemoteZenly" */;
			compatibilityVersion = "Xcode 9.3";
			developmentRegion = en;
			hasScannedForEncodings = 0;
			knownRegions = (
				en,
				Base,
			);
			mainGroup = CBA64C472639788E00540D8E;
			productRefGroup = CBA64C512639788E00540D8E /* Products */;
			projectDirPath = "";
			projectRoot = "";
			targets = (
				CBA64C4F2639788E00540D8E /* RemoteZenly */,
			);
		};
/* End PBXProject section */

/* Begin PBXResourcesBuildPhase section */
		CBA64C4E2639788E00540D8E /* Resources */ = {
			isa = PBXResourcesBuildPhase;
			buildActionMask = 2147483647;
			files = (
				CBA64C582639788F00540D8E /* Assets.xcassets in Resources */,
			);
			runOnlyForDeploymentPostprocessing = 0;
		};
/* End PBXResourcesBuildPhase section */

/* Begin PBXShellScriptBuildPhase section */
		1BBA227F4FE3744306E6ADF1 /* [CP] Embed Pods Frameworks */ = {
			isa = PBXShellScriptBuildPhase;
			buildActionMask = 2147483647;
			files = (
			);
			inputFileListPaths = (
				"${PODS_ROOT}/Target Support Files/Pods-RemoteZenly/Pods-RemoteZenly-frameworks-${CONFIGURATION}-input-files.xcfilelist",
			);
			name = "[CP] Embed Pods Frameworks";
			outputFileListPaths = (
				"${PODS_ROOT}/Target Support Files/Pods-RemoteZenly/Pods-RemoteZenly-frameworks-${CONFIGURATION}-output-files.xcfilelist",
			);
			runOnlyForDeploymentPostprocessing = 0;
			shellPath = /bin/sh;
			shellScript = "\"${PODS_ROOT}/Target Support Files/Pods-RemoteZenly/Pods-RemoteZenly-frameworks.sh\"\n";
			showEnvVarsInLog = 0;
		};
		69750642F66A9248BFA54E24 /* [CP] Check Pods Manifest.lock */ = {
			isa = PBXShellScriptBuildPhase;
			buildActionMask = 2147483647;
			files = (
			);
			inputFileListPaths = (
			);
			inputPaths = (
				"${PODS_PODFILE_DIR_PATH}/Podfile.lock",
				"${PODS_ROOT}/Manifest.lock",
			);
			name = "[CP] Check Pods Manifest.lock";
			outputFileListPaths = (
			);
			outputPaths = (
				"$(DERIVED_FILE_DIR)/Pods-RemoteZenly-checkManifestLockResult.txt",
			);
			runOnlyForDeploymentPostprocessing = 0;
			shellPath = /bin/sh;
			shellScript = "diff \"${PODS_PODFILE_DIR_PATH}/Podfile.lock\" \"${PODS_ROOT}/Manifest.lock\" > /dev/null\nif [ $? != 0 ] ; then\n    # print error to STDERR\n    echo \"error: The sandbox is not in sync with the Podfile.lock. Run 'pod install' or update your CocoaPods installation.\" >&2\n    exit 1\nfi\n# This output is used by Xcode 'outputs' to avoid re-running this script phase.\necho \"SUCCESS\" > \"${SCRIPT_OUTPUT_FILE_0}\"\n";
			showEnvVarsInLog = 0;
		};
/* End PBXShellScriptBuildPhase section */

/* Begin PBXSourcesBuildPhase section */
		CBA64C4C2639788E00540D8E /* Sources */ = {
			isa = PBXSourcesBuildPhase;
			buildActionMask = 2147483647;
			files = (
				CBA64C8226397E5500540D8E /* main.swift in Sources */,
				CBA64C8C26398B7300540D8E /* TranslucentWindow.swift in Sources */,
				21B1FEB426C5EFF40066B925 /* RegistrationImageView.swift in Sources */,
				2195BBCF26C4647C004133F3 /* TextFieldView.swift in Sources */,
				2C96F35926C3083D000BAA30 /* RegistrationNameViewController.swift in Sources */,
				21F3679526C6094800BD030F /* RegistrationModel.swift in Sources */,
				2C402B83269A38F100796952 /* ButtonView.swift in Sources */,
				2195BBDA26C47484004133F3 /* RegistrationNicknameView.swift in Sources */,
				21F3679226C6012000BD030F /* RegistrationVKController.swift in Sources */,
				213F15D026AB1FEC0008BE1E /* NavigationViewController.swift in Sources */,
				CBA64C9B2639AD1400540D8E /* ContactModel.swift in Sources */,
				CBA64C902639A86000540D8E /* Cell.swift in Sources */,
				213F15DE26AB4CE10008BE1E /* NavigationView.swift in Sources */,
				CBA64C8626397E8800540D8E /* MainWindowController.swift in Sources */,
				CBA64CAA2639BB5200540D8E /* NSLabel.swift in Sources */,
				213F15D626AB41B70008BE1E /* HighlightedView.swift in Sources */,
				21065D952697174B00C0F70E /* WelcomeViewController.swift in Sources */,
				21F3679C26C9AAD800BD030F /* RMZImageView.swift in Sources */,
				2C96F35226C2F604000BAA30 /* RegistrationSocialViewController.swift in Sources */,
				2C96F35C26C3085B000BAA30 /* RegistrationNameView.swift in Sources */,
				21F3679A26C97FC100BD030F /* RegistrationImageDelegate.swift in Sources */,
				CBA64C962639A94200540D8E /* NSCollectionViewItem.swift in Sources */,
				CBA64C9F2639AD8C00540D8E /* NSCollectionView+Item.swift in Sources */,
				2C96F35526C2F634000BAA30 /* RegistrationSocialView.swift in Sources */,
				2195BBD426C46DBF004133F3 /* TextField.swift in Sources */,
				CBA64C662639790100540D8E /* FriendsViewController.swift in Sources */,
				2C402B52269A0A0F00796952 /* FlatButton.swift in Sources */,
				CBA64C6B2639794A00540D8E /* FriendsView.swift in Sources */,
				2195BBD726C47433004133F3 /* RegistrationNicknameViewController.swift in Sources */,
				CBA64C542639788E00540D8E /* AppDelegate.swift in Sources */,
				21B1FEB126C5EFDB0066B925 /* RegistrationImageViewController.swift in Sources */,
				CBA64CA32639AEED00540D8E /* FriendsContactCell.swift in Sources */,
				21F3679E26C9CE1500BD030F /* AppMenu.swift in Sources */,
				21065D982697179D00C0F70E /* WelcomeView.swift in Sources */,
			);
			runOnlyForDeploymentPostprocessing = 0;
		};
/* End PBXSourcesBuildPhase section */

/* Begin XCBuildConfiguration section */
		CBA64C5E2639788F00540D8E /* Debug */ = {
			isa = XCBuildConfiguration;
			buildSettings = {
				ALWAYS_SEARCH_USER_PATHS = NO;
				CLANG_ANALYZER_NONNULL = YES;
				CLANG_ANALYZER_NUMBER_OBJECT_CONVERSION = YES_AGGRESSIVE;
				CLANG_CXX_LANGUAGE_STANDARD = "gnu++14";
				CLANG_CXX_LIBRARY = "libc++";
				CLANG_ENABLE_MODULES = YES;
				CLANG_ENABLE_OBJC_ARC = YES;
				CLANG_ENABLE_OBJC_WEAK = YES;
				CLANG_WARN_BLOCK_CAPTURE_AUTORELEASING = YES;
				CLANG_WARN_BOOL_CONVERSION = YES;
				CLANG_WARN_COMMA = YES;
				CLANG_WARN_CONSTANT_CONVERSION = YES;
				CLANG_WARN_DEPRECATED_OBJC_IMPLEMENTATIONS = YES;
				CLANG_WARN_DIRECT_OBJC_ISA_USAGE = YES_ERROR;
				CLANG_WARN_DOCUMENTATION_COMMENTS = YES;
				CLANG_WARN_EMPTY_BODY = YES;
				CLANG_WARN_ENUM_CONVERSION = YES;
				CLANG_WARN_INFINITE_RECURSION = YES;
				CLANG_WARN_INT_CONVERSION = YES;
				CLANG_WARN_NON_LITERAL_NULL_CONVERSION = YES;
				CLANG_WARN_OBJC_IMPLICIT_RETAIN_SELF = YES;
				CLANG_WARN_OBJC_LITERAL_CONVERSION = YES;
				CLANG_WARN_OBJC_ROOT_CLASS = YES_ERROR;
				CLANG_WARN_QUOTED_INCLUDE_IN_FRAMEWORK_HEADER = YES;
				CLANG_WARN_RANGE_LOOP_ANALYSIS = YES;
				CLANG_WARN_STRICT_PROTOTYPES = YES;
				CLANG_WARN_SUSPICIOUS_MOVE = YES;
				CLANG_WARN_UNGUARDED_AVAILABILITY = YES_AGGRESSIVE;
				CLANG_WARN_UNREACHABLE_CODE = YES;
				CLANG_WARN__DUPLICATE_METHOD_MATCH = YES;
				COPY_PHASE_STRIP = NO;
				DEBUG_INFORMATION_FORMAT = dwarf;
				ENABLE_STRICT_OBJC_MSGSEND = YES;
				ENABLE_TESTABILITY = YES;
				GCC_C_LANGUAGE_STANDARD = gnu11;
				GCC_DYNAMIC_NO_PIC = NO;
				GCC_NO_COMMON_BLOCKS = YES;
				GCC_OPTIMIZATION_LEVEL = 0;
				GCC_PREPROCESSOR_DEFINITIONS = (
					"DEBUG=1",
					"$(inherited)",
				);
				GCC_WARN_64_TO_32_BIT_CONVERSION = YES;
				GCC_WARN_ABOUT_RETURN_TYPE = YES_ERROR;
				GCC_WARN_UNDECLARED_SELECTOR = YES;
				GCC_WARN_UNINITIALIZED_AUTOS = YES_AGGRESSIVE;
				GCC_WARN_UNUSED_FUNCTION = YES;
				GCC_WARN_UNUSED_VARIABLE = YES;
				MACOSX_DEPLOYMENT_TARGET = 11.1;
				MTL_ENABLE_DEBUG_INFO = INCLUDE_SOURCE;
				MTL_FAST_MATH = YES;
				ONLY_ACTIVE_ARCH = YES;
				SDKROOT = macosx;
				SWIFT_ACTIVE_COMPILATION_CONDITIONS = DEBUG;
				SWIFT_OPTIMIZATION_LEVEL = "-Onone";
			};
			name = Debug;
		};
		CBA64C5F2639788F00540D8E /* Release */ = {
			isa = XCBuildConfiguration;
			buildSettings = {
				ALWAYS_SEARCH_USER_PATHS = NO;
				CLANG_ANALYZER_NONNULL = YES;
				CLANG_ANALYZER_NUMBER_OBJECT_CONVERSION = YES_AGGRESSIVE;
				CLANG_CXX_LANGUAGE_STANDARD = "gnu++14";
				CLANG_CXX_LIBRARY = "libc++";
				CLANG_ENABLE_MODULES = YES;
				CLANG_ENABLE_OBJC_ARC = YES;
				CLANG_ENABLE_OBJC_WEAK = YES;
				CLANG_WARN_BLOCK_CAPTURE_AUTORELEASING = YES;
				CLANG_WARN_BOOL_CONVERSION = YES;
				CLANG_WARN_COMMA = YES;
				CLANG_WARN_CONSTANT_CONVERSION = YES;
				CLANG_WARN_DEPRECATED_OBJC_IMPLEMENTATIONS = YES;
				CLANG_WARN_DIRECT_OBJC_ISA_USAGE = YES_ERROR;
				CLANG_WARN_DOCUMENTATION_COMMENTS = YES;
				CLANG_WARN_EMPTY_BODY = YES;
				CLANG_WARN_ENUM_CONVERSION = YES;
				CLANG_WARN_INFINITE_RECURSION = YES;
				CLANG_WARN_INT_CONVERSION = YES;
				CLANG_WARN_NON_LITERAL_NULL_CONVERSION = YES;
				CLANG_WARN_OBJC_IMPLICIT_RETAIN_SELF = YES;
				CLANG_WARN_OBJC_LITERAL_CONVERSION = YES;
				CLANG_WARN_OBJC_ROOT_CLASS = YES_ERROR;
				CLANG_WARN_QUOTED_INCLUDE_IN_FRAMEWORK_HEADER = YES;
				CLANG_WARN_RANGE_LOOP_ANALYSIS = YES;
				CLANG_WARN_STRICT_PROTOTYPES = YES;
				CLANG_WARN_SUSPICIOUS_MOVE = YES;
				CLANG_WARN_UNGUARDED_AVAILABILITY = YES_AGGRESSIVE;
				CLANG_WARN_UNREACHABLE_CODE = YES;
				CLANG_WARN__DUPLICATE_METHOD_MATCH = YES;
				COPY_PHASE_STRIP = NO;
				DEBUG_INFORMATION_FORMAT = "dwarf-with-dsym";
				ENABLE_NS_ASSERTIONS = NO;
				ENABLE_STRICT_OBJC_MSGSEND = YES;
				GCC_C_LANGUAGE_STANDARD = gnu11;
				GCC_NO_COMMON_BLOCKS = YES;
				GCC_WARN_64_TO_32_BIT_CONVERSION = YES;
				GCC_WARN_ABOUT_RETURN_TYPE = YES_ERROR;
				GCC_WARN_UNDECLARED_SELECTOR = YES;
				GCC_WARN_UNINITIALIZED_AUTOS = YES_AGGRESSIVE;
				GCC_WARN_UNUSED_FUNCTION = YES;
				GCC_WARN_UNUSED_VARIABLE = YES;
				MACOSX_DEPLOYMENT_TARGET = 11.1;
				MTL_ENABLE_DEBUG_INFO = NO;
				MTL_FAST_MATH = YES;
				SDKROOT = macosx;
				SWIFT_COMPILATION_MODE = wholemodule;
				SWIFT_OPTIMIZATION_LEVEL = "-O";
			};
			name = Release;
		};
		CBA64C612639788F00540D8E /* Debug */ = {
			isa = XCBuildConfiguration;
			baseConfigurationReference = 06C7A5886B4DAE6D74901847 /* Pods-RemoteZenly.debug.xcconfig */;
			buildSettings = {
				ASSETCATALOG_COMPILER_APPICON_NAME = AppIcon;
				ASSETCATALOG_COMPILER_GLOBAL_ACCENT_COLOR_NAME = AccentColor;
				CODE_SIGN_ENTITLEMENTS = RemoteZenly/RemoteZenly.entitlements;
				CODE_SIGN_STYLE = Automatic;
				COMBINE_HIDPI_IMAGES = YES;
				DEVELOPMENT_TEAM = 62K92RJKZZ;
				ENABLE_HARDENED_RUNTIME = YES;
				INFOPLIST_FILE = RemoteZenly/Info.plist;
				LD_RUNPATH_SEARCH_PATHS = (
					"$(inherited)",
					"@executable_path/../Frameworks",
				);
				MACOSX_DEPLOYMENT_TARGET = 10.13;
				PRODUCT_BUNDLE_IDENTIFIER = com.app.RemoteZenly;
				PRODUCT_NAME = "$(TARGET_NAME)";
				SWIFT_VERSION = 5.0;
			};
			name = Debug;
		};
		CBA64C622639788F00540D8E /* Release */ = {
			isa = XCBuildConfiguration;
			baseConfigurationReference = 3B73CA6049C7D6C443F212D3 /* Pods-RemoteZenly.release.xcconfig */;
			buildSettings = {
				ASSETCATALOG_COMPILER_APPICON_NAME = AppIcon;
				ASSETCATALOG_COMPILER_GLOBAL_ACCENT_COLOR_NAME = AccentColor;
				CODE_SIGN_ENTITLEMENTS = RemoteZenly/RemoteZenly.entitlements;
				CODE_SIGN_STYLE = Automatic;
				COMBINE_HIDPI_IMAGES = YES;
				DEVELOPMENT_TEAM = 62K92RJKZZ;
				ENABLE_HARDENED_RUNTIME = YES;
				INFOPLIST_FILE = RemoteZenly/Info.plist;
				LD_RUNPATH_SEARCH_PATHS = (
					"$(inherited)",
					"@executable_path/../Frameworks",
				);
				MACOSX_DEPLOYMENT_TARGET = 10.13;
				PRODUCT_BUNDLE_IDENTIFIER = com.app.RemoteZenly;
				PRODUCT_NAME = "$(TARGET_NAME)";
				SWIFT_VERSION = 5.0;
			};
			name = Release;
		};
/* End XCBuildConfiguration section */

/* Begin XCConfigurationList section */
		CBA64C4B2639788E00540D8E /* Build configuration list for PBXProject "RemoteZenly" */ = {
			isa = XCConfigurationList;
			buildConfigurations = (
				CBA64C5E2639788F00540D8E /* Debug */,
				CBA64C5F2639788F00540D8E /* Release */,
			);
			defaultConfigurationIsVisible = 0;
			defaultConfigurationName = Release;
		};
		CBA64C602639788F00540D8E /* Build configuration list for PBXNativeTarget "RemoteZenly" */ = {
			isa = XCConfigurationList;
			buildConfigurations = (
				CBA64C612639788F00540D8E /* Debug */,
				CBA64C622639788F00540D8E /* Release */,
			);
			defaultConfigurationIsVisible = 0;
			defaultConfigurationName = Release;
		};
/* End XCConfigurationList section */
	};
	rootObject = CBA64C482639788E00540D8E /* Project object */;
}
